
Microsoft Visual Studio Solution File, Format Version 12.00
# Visual Studio 15
VisualStudioVersion = 15.0.27428.2002
MinimumVisualStudioVersion = 10.0.40219.1
Project("{FAE04EC0-301F-11D3-BF4B-00C04F79EFBC}") = "Day0HelloWorld", "Day1HelloWorld\Day0HelloWorld.csproj", "{E7397CD1-73F9-4B31-A3B9-E90316DEFB91}"
EndProject
Project("{FAE04EC0-301F-11D3-BF4B-00C04F79EFBC}") = "Day1DataTypes", "Day1DataTypes\Day1DataTypes.csproj", "{02E67327-EF91-42CF-9C72-5A480EF0DBCD}"
EndProject
Project("{FAE04EC0-301F-11D3-BF4B-00C04F79EFBC}") = "Day2Operators", "Day2Operators\Day2Operators.csproj", "{8EDC758B-848A-497C-855B-465EF9F0DF18}"
EndProject
Project("{FAE04EC0-301F-11D3-BF4B-00C04F79EFBC}") = "Day3IntrotoConditionalStatements", "Day3IntrotoConditionalStatements\Day3IntrotoConditionalStatements.csproj", "{723BA996-28BA-4F0E-8DCB-B96588D17E09}"
EndProject
Project("{FAE04EC0-301F-11D3-BF4B-00C04F79EFBC}") = "Day4ClassvsInstance", "Day4ClassvsInstance\Day4ClassvsInstance.csproj", "{08A6AAAD-2500-424B-9FD0-81F7EE8B9D8A}"
EndProject
Project("{FAE04EC0-301F-11D3-BF4B-00C04F79EFBC}") = "Day5Loops", "Day5Loops\Day5Loops.csproj", "{81FE9AC5-7AD7-4FFB-8D7A-7298E5E5A1D0}"
EndProject
Project("{FAE04EC0-301F-11D3-BF4B-00C04F79EFBC}") = "Day6LetsReview", "Day6LetsReview\Day6LetsReview.csproj", "{D98084E1-3402-4F06-ACFE-C35885216B2A}"
EndProject
Global
	GlobalSection(SolutionConfigurationPlatforms) = preSolution
		Debug|Any CPU = Debug|Any CPU
		Release|Any CPU = Release|Any CPU
	EndGlobalSection
	GlobalSection(ProjectConfigurationPlatforms) = postSolution
		{E7397CD1-73F9-4B31-A3B9-E90316DEFB91}.Debug|Any CPU.ActiveCfg = Debug|Any CPU
		{E7397CD1-73F9-4B31-A3B9-E90316DEFB91}.Debug|Any CPU.Build.0 = Debug|Any CPU
		{E7397CD1-73F9-4B31-A3B9-E90316DEFB91}.Release|Any CPU.ActiveCfg = Release|Any CPU
		{E7397CD1-73F9-4B31-A3B9-E90316DEFB91}.Release|Any CPU.Build.0 = Release|Any CPU
		{02E67327-EF91-42CF-9C72-5A480EF0DBCD}.Debug|Any CPU.ActiveCfg = Debug|Any CPU
		{02E67327-EF91-42CF-9C72-5A480EF0DBCD}.Debug|Any CPU.Build.0 = Debug|Any CPU
		{02E67327-EF91-42CF-9C72-5A480EF0DBCD}.Release|Any CPU.ActiveCfg = Release|Any CPU
		{02E67327-EF91-42CF-9C72-5A480EF0DBCD}.Release|Any CPU.Build.0 = Release|Any CPU
		{8EDC758B-848A-497C-855B-465EF9F0DF18}.Debug|Any CPU.ActiveCfg = Debug|Any CPU
		{8EDC758B-848A-497C-855B-465EF9F0DF18}.Debug|Any CPU.Build.0 = Debug|Any CPU
		{8EDC758B-848A-497C-855B-465EF9F0DF18}.Release|Any CPU.ActiveCfg = Release|Any CPU
		{8EDC758B-848A-497C-855B-465EF9F0DF18}.Release|Any CPU.Build.0 = Release|Any CPU
		{723BA996-28BA-4F0E-8DCB-B96588D17E09}.Debug|Any CPU.ActiveCfg = Debug|Any CPU
		{723BA996-28BA-4F0E-8DCB-B96588D17E09}.Debug|Any CPU.Build.0 = Debug|Any CPU
		{723BA996-28BA-4F0E-8DCB-B96588D17E09}.Release|Any CPU.ActiveCfg = Release|Any CPU
		{723BA996-28BA-4F0E-8DCB-B96588D17E09}.Release|Any CPU.Build.0 = Release|Any CPU
		{08A6AAAD-2500-424B-9FD0-81F7EE8B9D8A}.Debug|Any CPU.ActiveCfg = Debug|Any CPU
		{08A6AAAD-2500-424B-9FD0-81F7EE8B9D8A}.Debug|Any CPU.Build.0 = Debug|Any CPU
		{08A6AAAD-2500-424B-9FD0-81F7EE8B9D8A}.Release|Any CPU.ActiveCfg = Release|Any CPU
		{08A6AAAD-2500-424B-9FD0-81F7EE8B9D8A}.Release|Any CPU.Build.0 = Release|Any CPU
		{81FE9AC5-7AD7-4FFB-8D7A-7298E5E5A1D0}.Debug|Any CPU.ActiveCfg = Debug|Any CPU
		{81FE9AC5-7AD7-4FFB-8D7A-7298E5E5A1D0}.Debug|Any CPU.Build.0 = Debug|Any CPU
		{81FE9AC5-7AD7-4FFB-8D7A-7298E5E5A1D0}.Release|Any CPU.ActiveCfg = Release|Any CPU
		{81FE9AC5-7AD7-4FFB-8D7A-7298E5E5A1D0}.Release|Any CPU.Build.0 = Release|Any CPU
		{D98084E1-3402-4F06-ACFE-C35885216B2A}.Debug|Any CPU.ActiveCfg = Debug|Any CPU
		{D98084E1-3402-4F06-ACFE-C35885216B2A}.Debug|Any CPU.Build.0 = Debug|Any CPU
		{D98084E1-3402-4F06-ACFE-C35885216B2A}.Release|Any CPU.ActiveCfg = Release|Any CPU
		{D98084E1-3402-4F06-ACFE-C35885216B2A}.Release|Any CPU.Build.0 = Release|Any CPU
	EndGlobalSection
	GlobalSection(SolutionProperties) = preSolution
		HideSolutionNode = FALSE
	EndGlobalSection
	GlobalSection(ExtensibilityGlobals) = postSolution
		SolutionGuid = {FA34F38C-3283-469B-821B-11C5170F5093}
	EndGlobalSection
EndGlobal
